
Microsoft Visual Studio Solution File, Format Version 12.00
# Visual Studio Version 16
VisualStudioVersion = 16.0.32002.261
MinimumVisualStudioVersion = 10.0.40219.1
Project("{FAE04EC0-301F-11D3-BF4B-00C04F79EFBC}") = "Asp.netCoreJqueryAjaxCRUD", "Asp.netCoreJqueryAjaxCRUD\Asp.netCoreJqueryAjaxCRUD.csproj", "{9BA15BA1-97A9-496E-B567-75A62C12FCD0}"
EndProject
Global
	GlobalSection(SolutionConfigurationPlatforms) = preSolution
		Debug|Any CPU = Debug|Any CPU
		Release|Any CPU = Release|Any CPU
	EndGlobalSection
	GlobalSection(ProjectConfigurationPlatforms) = postSolution
		{9BA15BA1-97A9-496E-B567-75A62C12FCD0}.Debug|Any CPU.ActiveCfg = Debug|Any CPU
		{9BA15BA1-97A9-496E-B567-75A62C12FCD0}.Debug|Any CPU.Build.0 = Debug|Any CPU
		{9BA15BA1-97A9-496E-B567-75A62C12FCD0}.Release|Any CPU.ActiveCfg = Release|Any CPU
		{9BA15BA1-97A9-496E-B567-75A62C12FCD0}.Release|Any CPU.Build.0 = Release|Any CPU
	EndGlobalSection
	GlobalSection(SolutionProperties) = preSolution
		HideSolutionNode = FALSE
	EndGlobalSection
	GlobalSection(ExtensibilityGlobals) = postSolution
		SolutionGuid = {773426D9-FC3C-4633-9EA0-CDD83BF9FA25}
	EndGlobalSection
EndGlobal
